
Microsoft Visual Studio Solution File, Format Version 12.00
# Visual Studio Version 16
VisualStudioVersion = 16.0.29215.179
MinimumVisualStudioVersion = 10.0.40219.1
Project("{9A19103F-16F7-4668-BE54-9A1E7A4F7556}") = "HI.BigTable.MsSql", "HI.BigTable.MsSql\HI.BigTable.MsSql.csproj", "{71F9144B-DED9-4771-B764-87BDF1865CDC}"
EndProject
Global
	GlobalSection(SolutionConfigurationPlatforms) = preSolution
		Debug|Any CPU = Debug|Any CPU
		Release|Any CPU = Release|Any CPU
	EndGlobalSection
	GlobalSection(ProjectConfigurationPlatforms) = postSolution
		{71F9144B-DED9-4771-B764-87BDF1865CDC}.Debug|Any CPU.ActiveCfg = Debug|Any CPU
		{71F9144B-DED9-4771-B764-87BDF1865CDC}.Debug|Any CPU.Build.0 = Debug|Any CPU
		{71F9144B-DED9-4771-B764-87BDF1865CDC}.Release|Any CPU.ActiveCfg = Release|Any CPU
		{71F9144B-DED9-4771-B764-87BDF1865CDC}.Release|Any CPU.Build.0 = Release|Any CPU
	EndGlobalSection
	GlobalSection(SolutionProperties) = preSolution
		HideSolutionNode = FALSE
	EndGlobalSection
	GlobalSection(ExtensibilityGlobals) = postSolution
		SolutionGuid = {19F89E08-B7A9-4750-A4C5-48E3D39CF63E}
	EndGlobalSection
EndGlobal
